
Microsoft Visual Studio Solution File, Format Version 12.00
# Visual Studio Version 17
VisualStudioVersion = 17.14.36414.22 d17.14
MinimumVisualStudioVersion = 10.0.40219.1
Project("{FAE04EC0-301F-11D3-BF4B-00C04F79EFBC}") = "AutoServiceAPI", "AutoServiceAPI\AutoServiceAPI.csproj", "{731E6EFE-7E43-40E1-B137-06A6C15BC549}"
EndProject
Global
	GlobalSection(SolutionConfigurationPlatforms) = preSolution
		Debug|Any CPU = Debug|Any CPU
		Release|Any CPU = Release|Any CPU
	EndGlobalSection
	GlobalSection(ProjectConfigurationPlatforms) = postSolution
		{731E6EFE-7E43-40E1-B137-06A6C15BC549}.Debug|Any CPU.ActiveCfg = Debug|Any CPU
		{731E6EFE-7E43-40E1-B137-06A6C15BC549}.Debug|Any CPU.Build.0 = Debug|Any CPU
		{731E6EFE-7E43-40E1-B137-06A6C15BC549}.Release|Any CPU.ActiveCfg = Release|Any CPU
		{731E6EFE-7E43-40E1-B137-06A6C15BC549}.Release|Any CPU.Build.0 = Release|Any CPU
	EndGlobalSection
	GlobalSection(SolutionProperties) = preSolution
		HideSolutionNode = FALSE
	EndGlobalSection
	GlobalSection(ExtensibilityGlobals) = postSolution
		SolutionGuid = {6AEC4878-0BC5-437A-B2B8-3F25F16CA80F}
	EndGlobalSection
EndGlobal
